
Microsoft Visual Studio Solution File, Format Version 12.00
# Visual Studio 15
VisualStudioVersion = 15.0.27703.2018
MinimumVisualStudioVersion = 10.0.40219.1
Project("{8BC9CEB8-8B4A-11D0-8D11-00A0C91BC942}") = "001_Two Sum", "001_Two Sum\001_Two Sum.vcxproj", "{05DA83CE-5CB1-4CA5-A6FB-CC530FEF5CE6}"
EndProject
Project("{8BC9CEB8-8B4A-11D0-8D11-00A0C91BC942}") = "002_Add Two Numbers", "002_Add Two Numbers\002_Add Two Numbers.vcxproj", "{8634D0A0-0B30-4CF7-94F4-39F4D5A73CCB}"
EndProject
Project("{8BC9CEB8-8B4A-11D0-8D11-00A0C91BC942}") = "003_Longest Substring Without Repeating Characters", "003_Longest Substring Without Repeating Characters\003_Longest Substring Without Repeating Characters.vcxproj", "{44C28870-AE0A-441C-B061-A22A62ACDED8}"
EndProject
Project("{8BC9CEB8-8B4A-11D0-8D11-00A0C91BC942}") = "004_Median of Two Sorted Arrays", "004_Median of Two Sorted Arrays\004_Median of Two Sorted Arrays.vcxproj", "{3FAE6EC8-0090-4826-863E-82F21441964B}"
EndProject
Project("{8BC9CEB8-8B4A-11D0-8D11-00A0C91BC942}") = "005_Longest Palindromic Substring", "005_Longest Palindromic Substring\005_Longest Palindromic Substring.vcxproj", "{DECF7D47-C4FF-4A9A-8701-9BB5F109C3F0}"
EndProject
Project("{8BC9CEB8-8B4A-11D0-8D11-00A0C91BC942}") = "006_ZigZag Conversion", "006_ZigZag Conversion\006_ZigZag Conversion.vcxproj", "{31800EA3-B766-453C-86AA-D40EE13933C3}"
EndProject
Project("{8BC9CEB8-8B4A-11D0-8D11-00A0C91BC942}") = "007_Reverse Integer", "007_Reverse Integer\007_Reverse Integer.vcxproj", "{1A6DA267-0022-4C30-9BAC-8944853B5481}"
EndProject
Project("{8BC9CEB8-8B4A-11D0-8D11-00A0C91BC942}") = "008_String to Integer (atoi)", "008_String to Integer (atoi)\008_String to Integer (atoi).vcxproj", "{C6D06BBD-5FE8-4A77-98F2-88B2EBF4EBE7}"
EndProject
Project("{8BC9CEB8-8B4A-11D0-8D11-00A0C91BC942}") = "009_Palindrome Number", "009_Palindrome Number\009_Palindrome Number.vcxproj", "{D1C87B30-E8B4-4936-9B11-1AEAEC1202E6}"
EndProject
Project("{8BC9CEB8-8B4A-11D0-8D11-00A0C91BC942}") = "010_Regular Expression Matching", "010_Regular Expression Matching\010_Regular Expression Matching.vcxproj", "{FE6299DD-DD11-49C9-8967-E07ADAD5E517}"
EndProject
Project("{8BC9CEB8-8B4A-11D0-8D11-00A0C91BC942}") = "011_Container With Most Water", "011_Container With Most Water\011_Container With Most Water.vcxproj", "{C3999D26-01B8-48E6-A699-9F2229644912}"
EndProject
Project("{8BC9CEB8-8B4A-11D0-8D11-00A0C91BC942}") = "012_Integer to Roman", "012_Integer to Roman\012_Integer to Roman.vcxproj", "{369D21C3-4DD3-4030-ADCC-9B3999B20921}"
EndProject
Project("{8BC9CEB8-8B4A-11D0-8D11-00A0C91BC942}") = "013_Roman to Integer", "013_Roman to Integer\013_Roman to Integer.vcxproj", "{E5F5289F-C5A2-44FD-86A3-EDE43FBB7B38}"
EndProject
Project("{8BC9CEB8-8B4A-11D0-8D11-00A0C91BC942}") = "014_Longest Common Prefix", "014_Longest Common Prefix\014_Longest Common Prefix.vcxproj", "{9E872D4D-69CC-4FC2-B69B-157C38C8D5A4}"
EndProject
Project("{8BC9CEB8-8B4A-11D0-8D11-00A0C91BC942}") = "015_3Sum", "015_3Sum\015_3Sum.vcxproj", "{C185F9C2-AE4A-4437-9AC4-DC9416EA1817}"
EndProject
Project("{8BC9CEB8-8B4A-11D0-8D11-00A0C91BC942}") = "016_3Sum Closest", "016_3Sum Closest\016_3Sum Closest.vcxproj", "{03341E0B-5B25-4984-BD38-849B4B35F9E0}"
EndProject
Project("{8BC9CEB8-8B4A-11D0-8D11-00A0C91BC942}") = "017_Letter Combinations of a Phone Number", "017_Letter Combinations of a Phone Number\017_Letter Combinations of a Phone Number.vcxproj", "{7BC9AE45-8ACB-46FF-9FD8-97C0C57BA3F4}"
EndProject
Project("{8BC9CEB8-8B4A-11D0-8D11-00A0C91BC942}") = "018_4Sum", "018_4Sum\018_4Sum.vcxproj", "{B244CB65-47CB-40A1-A6DB-D0D181F67DA7}"
EndProject
Project("{8BC9CEB8-8B4A-11D0-8D11-00A0C91BC942}") = "019_Remove Nth Node From End of List", "019_Remove Nth Node From End of List\019_Remove Nth Node From End of List.vcxproj", "{4D07BA82-D3B3-45BF-8EA4-0654F88D3F3B}"
EndProject
Project("{8BC9CEB8-8B4A-11D0-8D11-00A0C91BC942}") = "020_Valid Parentheses", "020_Valid Parentheses\020_Valid Parentheses.vcxproj", "{7E3041D9-BF62-4956-AAEA-36A02CD244B2}"
EndProject
Project("{8BC9CEB8-8B4A-11D0-8D11-00A0C91BC942}") = "021_Merge Two Sorted Lists", "021_Merge Two Sorted Lists\021_Merge Two Sorted Lists.vcxproj", "{8D0DB2EF-0D9B-4C3D-B360-A3815F307665}"
EndProject
Project("{8BC9CEB8-8B4A-11D0-8D11-00A0C91BC942}") = "022_Generate Parentheses", "022_Generate Parentheses\022_Generate Parentheses.vcxproj", "{0CA5234F-6C17-4FFE-958D-3E454BEAB8AD}"
EndProject
Project("{8BC9CEB8-8B4A-11D0-8D11-00A0C91BC942}") = "023_Merge k Sorted Lists", "023_Merge k Sorted Lists\023_Merge k Sorted Lists.vcxproj", "{D50C736B-E4C3-4F8A-9E7A-8C9641B66520}"
EndProject
Project("{8BC9CEB8-8B4A-11D0-8D11-00A0C91BC942}") = "024_Swap Nodes in Pairs", "024_Swap Nodes in Pairs\024_Swap Nodes in Pairs.vcxproj", "{634E3BEC-1F6B-4C96-8BC3-E9414F8A06C9}"
EndProject
Project("{8BC9CEB8-8B4A-11D0-8D11-00A0C91BC942}") = "025_Reverse Nodes in k-Group", "025_Reverse Nodes in k-Group\025_Reverse Nodes in k-Group.vcxproj", "{0596DE5A-03DA-4229-9361-B5C24A55B393}"
EndProject
Project("{8BC9CEB8-8B4A-11D0-8D11-00A0C91BC942}") = "026_Remove Duplicates from Sorted Array", "026_Remove Duplicates from Sorted Array\026_Remove Duplicates from Sorted Array.vcxproj", "{4FBD428B-FC9C-49D2-B1B1-EDA6973740AB}"
EndProject
Project("{8BC9CEB8-8B4A-11D0-8D11-00A0C91BC942}") = "027_Remove Element", "027_Remove Element\027_Remove Element.vcxproj", "{BF765086-0438-4ADE-8D2D-6B6E7CB09663}"
EndProject
Project("{8BC9CEB8-8B4A-11D0-8D11-00A0C91BC942}") = "028_Implement strStr()", "028_Implement strStr()\028_Implement strStr().vcxproj", "{D80D40F8-69D9-4477-A99D-39BCD357314C}"
EndProject
Project("{8BC9CEB8-8B4A-11D0-8D11-00A0C91BC942}") = "029_Divide Two Integers", "029_Divide Two Integers\029_Divide Two Integers.vcxproj", "{46DD5B2B-D839-4926-819C-7D5B8524DBB5}"
EndProject
Project("{8BC9CEB8-8B4A-11D0-8D11-00A0C91BC942}") = "030_Substring with Concatenation of All Words", "030_Substring with Concatenation of All Words\030_Substring with Concatenation of All Words.vcxproj", "{BA5A6A73-AB50-40E4-AE0D-0FFAB91E4E9D}"
EndProject
Project("{8BC9CEB8-8B4A-11D0-8D11-00A0C91BC942}") = "031_Next Permutation", "031_Next Permutation\031_Next Permutation.vcxproj", "{0CA8FA1C-069C-413B-8ADB-D911F734F022}"
EndProject
Project("{8BC9CEB8-8B4A-11D0-8D11-00A0C91BC942}") = "032_Longest Valid Parentheses", "032_Longest Valid Parentheses\032_Longest Valid Parentheses.vcxproj", "{B53153E2-569D-4898-B021-93D7A660CF44}"
EndProject
Project("{8BC9CEB8-8B4A-11D0-8D11-00A0C91BC942}") = "033_Search in Rotated Sorted Array", "033_Search in Rotated Sorted Array\033_Search in Rotated Sorted Array.vcxproj", "{129D4A91-8237-4142-AD04-CC04CA35EE6D}"
EndProject
Project("{8BC9CEB8-8B4A-11D0-8D11-00A0C91BC942}") = "038_Count and Say", "038_Count and Say\038_Count and Say.vcxproj", "{29CFC68B-5E01-470C-8C19-6D9A9A40E743}"
EndProject
Project("{8BC9CEB8-8B4A-11D0-8D11-00A0C91BC942}") = "100_Same Tree", "100_Same Tree\100_Same Tree.vcxproj", "{FAB2F2E9-29C9-423A-B3B6-619E0BA65D64}"
EndProject
Project("{8BC9CEB8-8B4A-11D0-8D11-00A0C91BC942}") = "118_Pascal's Triangle", "118_Pascal's Triangle\118_Pascal's Triangle.vcxproj", "{19542910-F19F-4258-BBD4-09791DCCABAE}"
EndProject
Project("{8BC9CEB8-8B4A-11D0-8D11-00A0C91BC942}") = "119_Pascal's Triangle II", "119_Pascal's Triangle II\119_Pascal's Triangle II.vcxproj", "{7895BB6B-5088-4708-B062-0F3552E48DAB}"
EndProject
Project("{8BC9CEB8-8B4A-11D0-8D11-00A0C91BC942}") = "034_Search for a Range", "034_Search for a Range\034_Search for a Range.vcxproj", "{3EB8CF79-A14E-47BC-A80B-3E6D39C3BC15}"
EndProject
Project("{8BC9CEB8-8B4A-11D0-8D11-00A0C91BC942}") = "035_Search Insert Position", "035_Search Insert Position\035_Search Insert Position.vcxproj", "{3654BAFD-7C7B-4C92-B3DC-356BB6CD026B}"
EndProject
Project("{8BC9CEB8-8B4A-11D0-8D11-00A0C91BC942}") = "036_Valid Sudoku", "036_Valid Sudoku\036_Valid Sudoku.vcxproj", "{DD75955E-72FE-48F0-9ABC-D0D8D4DA14E3}"
EndProject
Global
	GlobalSection(SolutionConfigurationPlatforms) = preSolution
		Debug|x64 = Debug|x64
		Debug|x86 = Debug|x86
		Release|x64 = Release|x64
		Release|x86 = Release|x86
	EndGlobalSection
	GlobalSection(ProjectConfigurationPlatforms) = postSolution
		{05DA83CE-5CB1-4CA5-A6FB-CC530FEF5CE6}.Debug|x64.ActiveCfg = Debug|x64
		{05DA83CE-5CB1-4CA5-A6FB-CC530FEF5CE6}.Debug|x64.Build.0 = Debug|x64
		{05DA83CE-5CB1-4CA5-A6FB-CC530FEF5CE6}.Debug|x86.ActiveCfg = Debug|Win32
		{05DA83CE-5CB1-4CA5-A6FB-CC530FEF5CE6}.Debug|x86.Build.0 = Debug|Win32
		{05DA83CE-5CB1-4CA5-A6FB-CC530FEF5CE6}.Release|x64.ActiveCfg = Release|x64
		{05DA83CE-5CB1-4CA5-A6FB-CC530FEF5CE6}.Release|x64.Build.0 = Release|x64
		{05DA83CE-5CB1-4CA5-A6FB-CC530FEF5CE6}.Release|x86.ActiveCfg = Release|Win32
		{05DA83CE-5CB1-4CA5-A6FB-CC530FEF5CE6}.Release|x86.Build.0 = Release|Win32
		{8634D0A0-0B30-4CF7-94F4-39F4D5A73CCB}.Debug|x64.ActiveCfg = Debug|x64
		{8634D0A0-0B30-4CF7-94F4-39F4D5A73CCB}.Debug|x64.Build.0 = Debug|x64
		{8634D0A0-0B30-4CF7-94F4-39F4D5A73CCB}.Debug|x86.ActiveCfg = Debug|Win32
		{8634D0A0-0B30-4CF7-94F4-39F4D5A73CCB}.Debug|x86.Build.0 = Debug|Win32
		{8634D0A0-0B30-4CF7-94F4-39F4D5A73CCB}.Release|x64.ActiveCfg = Release|x64
		{8634D0A0-0B30-4CF7-94F4-39F4D5A73CCB}.Release|x64.Build.0 = Release|x64
		{8634D0A0-0B30-4CF7-94F4-39F4D5A73CCB}.Release|x86.ActiveCfg = Release|Win32
		{8634D0A0-0B30-4CF7-94F4-39F4D5A73CCB}.Release|x86.Build.0 = Release|Win32
		{44C28870-AE0A-441C-B061-A22A62ACDED8}.Debug|x64.ActiveCfg = Debug|x64
		{44C28870-AE0A-441C-B061-A22A62ACDED8}.Debug|x64.Build.0 = Debug|x64
		{44C28870-AE0A-441C-B061-A22A62ACDED8}.Debug|x86.ActiveCfg = Debug|Win32
		{44C28870-AE0A-441C-B061-A22A62ACDED8}.Debug|x86.Build.0 = Debug|Win32
		{44C28870-AE0A-441C-B061-A22A62ACDED8}.Release|x64.ActiveCfg = Release|x64
		{44C28870-AE0A-441C-B061-A22A62ACDED8}.Release|x64.Build.0 = Release|x64
		{44C28870-AE0A-441C-B061-A22A62ACDED8}.Release|x86.ActiveCfg = Release|Win32
		{44C28870-AE0A-441C-B061-A22A62ACDED8}.Release|x86.Build.0 = Release|Win32
		{3FAE6EC8-0090-4826-863E-82F21441964B}.Debug|x64.ActiveCfg = Debug|x64
		{3FAE6EC8-0090-4826-863E-82F21441964B}.Debug|x64.Build.0 = Debug|x64
		{3FAE6EC8-0090-4826-863E-82F21441964B}.Debug|x86.ActiveCfg = Debug|Win32
		{3FAE6EC8-0090-4826-863E-82F21441964B}.Debug|x86.Build.0 = Debug|Win32
		{3FAE6EC8-0090-4826-863E-82F21441964B}.Release|x64.ActiveCfg = Release|x64
		{3FAE6EC8-0090-4826-863E-82F21441964B}.Release|x64.Build.0 = Release|x64
		{3FAE6EC8-0090-4826-863E-82F21441964B}.Release|x86.ActiveCfg = Release|Win32
		{3FAE6EC8-0090-4826-863E-82F21441964B}.Release|x86.Build.0 = Release|Win32
		{DECF7D47-C4FF-4A9A-8701-9BB5F109C3F0}.Debug|x64.ActiveCfg = Debug|x64
		{DECF7D47-C4FF-4A9A-8701-9BB5F109C3F0}.Debug|x64.Build.0 = Debug|x64
		{DECF7D47-C4FF-4A9A-8701-9BB5F109C3F0}.Debug|x86.ActiveCfg = Debug|Win32
		{DECF7D47-C4FF-4A9A-8701-9BB5F109C3F0}.Debug|x86.Build.0 = Debug|Win32
		{DECF7D47-C4FF-4A9A-8701-9BB5F109C3F0}.Release|x64.ActiveCfg = Release|x64
		{DECF7D47-C4FF-4A9A-8701-9BB5F109C3F0}.Release|x64.Build.0 = Release|x64
		{DECF7D47-C4FF-4A9A-8701-9BB5F109C3F0}.Release|x86.ActiveCfg = Release|Win32
		{DECF7D47-C4FF-4A9A-8701-9BB5F109C3F0}.Release|x86.Build.0 = Release|Win32
		{31800EA3-B766-453C-86AA-D40EE13933C3}.Debug|x64.ActiveCfg = Debug|x64
		{31800EA3-B766-453C-86AA-D40EE13933C3}.Debug|x64.Build.0 = Debug|x64
		{31800EA3-B766-453C-86AA-D40EE13933C3}.Debug|x86.ActiveCfg = Debug|Win32
		{31800EA3-B766-453C-86AA-D40EE13933C3}.Debug|x86.Build.0 = Debug|Win32
		{31800EA3-B766-453C-86AA-D40EE13933C3}.Release|x64.ActiveCfg = Release|x64
		{31800EA3-B766-453C-86AA-D40EE13933C3}.Release|x64.Build.0 = Release|x64
		{31800EA3-B766-453C-86AA-D40EE13933C3}.Release|x86.ActiveCfg = Release|Win32
		{31800EA3-B766-453C-86AA-D40EE13933C3}.Release|x86.Build.0 = Release|Win32
		{1A6DA267-0022-4C30-9BAC-8944853B5481}.Debug|x64.ActiveCfg = Debug|x64
		{1A6DA267-0022-4C30-9BAC-8944853B5481}.Debug|x64.Build.0 = Debug|x64
		{1A6DA267-0022-4C30-9BAC-8944853B5481}.Debug|x86.ActiveCfg = Debug|Win32
		{1A6DA267-0022-4C30-9BAC-8944853B5481}.Debug|x86.Build.0 = Debug|Win32
		{1A6DA267-0022-4C30-9BAC-8944853B5481}.Release|x64.ActiveCfg = Release|x64
		{1A6DA267-0022-4C30-9BAC-8944853B5481}.Release|x64.Build.0 = Release|x64
		{1A6DA267-0022-4C30-9BAC-8944853B5481}.Release|x86.ActiveCfg = Release|Win32
		{1A6DA267-0022-4C30-9BAC-8944853B5481}.Release|x86.Build.0 = Release|Win32
		{C6D06BBD-5FE8-4A77-98F2-88B2EBF4EBE7}.Debug|x64.ActiveCfg = Debug|x64
		{C6D06BBD-5FE8-4A77-98F2-88B2EBF4EBE7}.Debug|x64.Build.0 = Debug|x64
		{C6D06BBD-5FE8-4A77-98F2-88B2EBF4EBE7}.Debug|x86.ActiveCfg = Debug|Win32
		{C6D06BBD-5FE8-4A77-98F2-88B2EBF4EBE7}.Debug|x86.Build.0 = Debug|Win32
		{C6D06BBD-5FE8-4A77-98F2-88B2EBF4EBE7}.Release|x64.ActiveCfg = Release|x64
		{C6D06BBD-5FE8-4A77-98F2-88B2EBF4EBE7}.Release|x64.Build.0 = Release|x64
		{C6D06BBD-5FE8-4A77-98F2-88B2EBF4EBE7}.Release|x86.ActiveCfg = Release|Win32
		{C6D06BBD-5FE8-4A77-98F2-88B2EBF4EBE7}.Release|x86.Build.0 = Release|Win32
		{D1C87B30-E8B4-4936-9B11-1AEAEC1202E6}.Debug|x64.ActiveCfg = Debug|x64
		{D1C87B30-E8B4-4936-9B11-1AEAEC1202E6}.Debug|x64.Build.0 = Debug|x64
		{D1C87B30-E8B4-4936-9B11-1AEAEC1202E6}.Debug|x86.ActiveCfg = Debug|Win32
		{D1C87B30-E8B4-4936-9B11-1AEAEC1202E6}.Debug|x86.Build.0 = Debug|Win32
		{D1C87B30-E8B4-4936-9B11-1AEAEC1202E6}.Release|x64.ActiveCfg = Release|x64
		{D1C87B30-E8B4-4936-9B11-1AEAEC1202E6}.Release|x64.Build.0 = Release|x64
		{D1C87B30-E8B4-4936-9B11-1AEAEC1202E6}.Release|x86.ActiveCfg = Release|Win32
		{D1C87B30-E8B4-4936-9B11-1AEAEC1202E6}.Release|x86.Build.0 = Release|Win32
		{FE6299DD-DD11-49C9-8967-E07ADAD5E517}.Debug|x64.ActiveCfg = Debug|x64
		{FE6299DD-DD11-49C9-8967-E07ADAD5E517}.Debug|x64.Build.0 = Debug|x64
		{FE6299DD-DD11-49C9-8967-E07ADAD5E517}.Debug|x86.ActiveCfg = Debug|Win32
		{FE6299DD-DD11-49C9-8967-E07ADAD5E517}.Debug|x86.Build.0 = Debug|Win32
		{FE6299DD-DD11-49C9-8967-E07ADAD5E517}.Release|x64.ActiveCfg = Release|x64
		{FE6299DD-DD11-49C9-8967-E07ADAD5E517}.Release|x64.Build.0 = Release|x64
		{FE6299DD-DD11-49C9-8967-E07ADAD5E517}.Release|x86.ActiveCfg = Release|Win32
		{FE6299DD-DD11-49C9-8967-E07ADAD5E517}.Release|x86.Build.0 = Release|Win32
		{C3999D26-01B8-48E6-A699-9F2229644912}.Debug|x64.ActiveCfg = Debug|x64
		{C3999D26-01B8-48E6-A699-9F2229644912}.Debug|x64.Build.0 = Debug|x64
		{C3999D26-01B8-48E6-A699-9F2229644912}.Debug|x86.ActiveCfg = Debug|Win32
		{C3999D26-01B8-48E6-A699-9F2229644912}.Debug|x86.Build.0 = Debug|Win32
		{C3999D26-01B8-48E6-A699-9F2229644912}.Release|x64.ActiveCfg = Release|x64
		{C3999D26-01B8-48E6-A699-9F2229644912}.Release|x64.Build.0 = Release|x64
		{C3999D26-01B8-48E6-A699-9F2229644912}.Release|x86.ActiveCfg = Release|Win32
		{C3999D26-01B8-48E6-A699-9F2229644912}.Release|x86.Build.0 = Release|Win32
		{369D21C3-4DD3-4030-ADCC-9B3999B20921}.Debug|x64.ActiveCfg = Debug|x64
		{369D21C3-4DD3-4030-ADCC-9B3999B20921}.Debug|x64.Build.0 = Debug|x64
		{369D21C3-4DD3-4030-ADCC-9B3999B20921}.Debug|x86.ActiveCfg = Debug|Win32
		{369D21C3-4DD3-4030-ADCC-9B3999B20921}.Debug|x86.Build.0 = Debug|Win32
		{369D21C3-4DD3-4030-ADCC-9B3999B20921}.Release|x64.ActiveCfg = Release|x64
		{369D21C3-4DD3-4030-ADCC-9B3999B20921}.Release|x64.Build.0 = Release|x64
		{369D21C3-4DD3-4030-ADCC-9B3999B20921}.Release|x86.ActiveCfg = Release|Win32
		{369D21C3-4DD3-4030-ADCC-9B3999B20921}.Release|x86.Build.0 = Release|Win32
		{E5F5289F-C5A2-44FD-86A3-EDE43FBB7B38}.Debug|x64.ActiveCfg = Debug|x64
		{E5F5289F-C5A2-44FD-86A3-EDE43FBB7B38}.Debug|x64.Build.0 = Debug|x64
		{E5F5289F-C5A2-44FD-86A3-EDE43FBB7B38}.Debug|x86.ActiveCfg = Debug|Win32
		{E5F5289F-C5A2-44FD-86A3-EDE43FBB7B38}.Debug|x86.Build.0 = Debug|Win32
		{E5F5289F-C5A2-44FD-86A3-EDE43FBB7B38}.Release|x64.ActiveCfg = Release|x64
		{E5F5289F-C5A2-44FD-86A3-EDE43FBB7B38}.Release|x64.Build.0 = Release|x64
		{E5F5289F-C5A2-44FD-86A3-EDE43FBB7B38}.Release|x86.ActiveCfg = Release|Win32
		{E5F5289F-C5A2-44FD-86A3-EDE43FBB7B38}.Release|x86.Build.0 = Release|Win32
		{9E872D4D-69CC-4FC2-B69B-157C38C8D5A4}.Debug|x64.ActiveCfg = Debug|x64
		{9E872D4D-69CC-4FC2-B69B-157C38C8D5A4}.Debug|x64.Build.0 = Debug|x64
		{9E872D4D-69CC-4FC2-B69B-157C38C8D5A4}.Debug|x86.ActiveCfg = Debug|Win32
		{9E872D4D-69CC-4FC2-B69B-157C38C8D5A4}.Debug|x86.Build.0 = Debug|Win32
		{9E872D4D-69CC-4FC2-B69B-157C38C8D5A4}.Release|x64.ActiveCfg = Release|x64
		{9E872D4D-69CC-4FC2-B69B-157C38C8D5A4}.Release|x64.Build.0 = Release|x64
		{9E872D4D-69CC-4FC2-B69B-157C38C8D5A4}.Release|x86.ActiveCfg = Release|Win32
		{9E872D4D-69CC-4FC2-B69B-157C38C8D5A4}.Release|x86.Build.0 = Release|Win32
		{C185F9C2-AE4A-4437-9AC4-DC9416EA1817}.Debug|x64.ActiveCfg = Debug|x64
		{C185F9C2-AE4A-4437-9AC4-DC9416EA1817}.Debug|x64.Build.0 = Debug|x64
		{C185F9C2-AE4A-4437-9AC4-DC9416EA1817}.Debug|x86.ActiveCfg = Debug|Win32
		{C185F9C2-AE4A-4437-9AC4-DC9416EA1817}.Debug|x86.Build.0 = Debug|Win32
		{C185F9C2-AE4A-4437-9AC4-DC9416EA1817}.Release|x64.ActiveCfg = Release|x64
		{C185F9C2-AE4A-4437-9AC4-DC9416EA1817}.Release|x64.Build.0 = Release|x64
		{C185F9C2-AE4A-4437-9AC4-DC9416EA1817}.Release|x86.ActiveCfg = Release|Win32
		{C185F9C2-AE4A-4437-9AC4-DC9416EA1817}.Release|x86.Build.0 = Release|Win32
		{03341E0B-5B25-4984-BD38-849B4B35F9E0}.Debug|x64.ActiveCfg = Debug|x64
		{03341E0B-5B25-4984-BD38-849B4B35F9E0}.Debug|x64.Build.0 = Debug|x64
		{03341E0B-5B25-4984-BD38-849B4B35F9E0}.Debug|x86.ActiveCfg = Debug|Win32
		{03341E0B-5B25-4984-BD38-849B4B35F9E0}.Debug|x86.Build.0 = Debug|Win32
		{03341E0B-5B25-4984-BD38-849B4B35F9E0}.Release|x64.ActiveCfg = Release|x64
		{03341E0B-5B25-4984-BD38-849B4B35F9E0}.Release|x64.Build.0 = Release|x64
		{03341E0B-5B25-4984-BD38-849B4B35F9E0}.Release|x86.ActiveCfg = Release|Win32
		{03341E0B-5B25-4984-BD38-849B4B35F9E0}.Release|x86.Build.0 = Release|Win32
		{7BC9AE45-8ACB-46FF-9FD8-97C0C57BA3F4}.Debug|x64.ActiveCfg = Debug|x64
		{7BC9AE45-8ACB-46FF-9FD8-97C0C57BA3F4}.Debug|x64.Build.0 = Debug|x64
		{7BC9AE45-8ACB-46FF-9FD8-97C0C57BA3F4}.Debug|x86.ActiveCfg = Debug|Win32
		{7BC9AE45-8ACB-46FF-9FD8-97C0C57BA3F4}.Debug|x86.Build.0 = Debug|Win32
		{7BC9AE45-8ACB-46FF-9FD8-97C0C57BA3F4}.Release|x64.ActiveCfg = Release|x64
		{7BC9AE45-8ACB-46FF-9FD8-97C0C57BA3F4}.Release|x64.Build.0 = Release|x64
		{7BC9AE45-8ACB-46FF-9FD8-97C0C57BA3F4}.Release|x86.ActiveCfg = Release|Win32
		{7BC9AE45-8ACB-46FF-9FD8-97C0C57BA3F4}.Release|x86.Build.0 = Release|Win32
		{B244CB65-47CB-40A1-A6DB-D0D181F67DA7}.Debug|x64.ActiveCfg = Debug|x64
		{B244CB65-47CB-40A1-A6DB-D0D181F67DA7}.Debug|x64.Build.0 = Debug|x64
		{B244CB65-47CB-40A1-A6DB-D0D181F67DA7}.Debug|x86.ActiveCfg = Debug|Win32
		{B244CB65-47CB-40A1-A6DB-D0D181F67DA7}.Debug|x86.Build.0 = Debug|Win32
		{B244CB65-47CB-40A1-A6DB-D0D181F67DA7}.Release|x64.ActiveCfg = Release|x64
		{B244CB65-47CB-40A1-A6DB-D0D181F67DA7}.Release|x64.Build.0 = Release|x64
		{B244CB65-47CB-40A1-A6DB-D0D181F67DA7}.Release|x86.ActiveCfg = Release|Win32
		{B244CB65-47CB-40A1-A6DB-D0D181F67DA7}.Release|x86.Build.0 = Release|Win32
		{4D07BA82-D3B3-45BF-8EA4-0654F88D3F3B}.Debug|x64.ActiveCfg = Debug|x64
		{4D07BA82-D3B3-45BF-8EA4-0654F88D3F3B}.Debug|x64.Build.0 = Debug|x64
		{4D07BA82-D3B3-45BF-8EA4-0654F88D3F3B}.Debug|x86.ActiveCfg = Debug|Win32
		{4D07BA82-D3B3-45BF-8EA4-0654F88D3F3B}.Debug|x86.Build.0 = Debug|Win32
		{4D07BA82-D3B3-45BF-8EA4-0654F88D3F3B}.Release|x64.ActiveCfg = Release|x64
		{4D07BA82-D3B3-45BF-8EA4-0654F88D3F3B}.Release|x64.Build.0 = Release|x64
		{4D07BA82-D3B3-45BF-8EA4-0654F88D3F3B}.Release|x86.ActiveCfg = Release|Win32
		{4D07BA82-D3B3-45BF-8EA4-0654F88D3F3B}.Release|x86.Build.0 = Release|Win32
		{7E3041D9-BF62-4956-AAEA-36A02CD244B2}.Debug|x64.ActiveCfg = Debug|x64
		{7E3041D9-BF62-4956-AAEA-36A02CD244B2}.Debug|x64.Build.0 = Debug|x64
		{7E3041D9-BF62-4956-AAEA-36A02CD244B2}.Debug|x86.ActiveCfg = Debug|Win32
		{7E3041D9-BF62-4956-AAEA-36A02CD244B2}.Debug|x86.Build.0 = Debug|Win32
		{7E3041D9-BF62-4956-AAEA-36A02CD244B2}.Release|x64.ActiveCfg = Release|x64
		{7E3041D9-BF62-4956-AAEA-36A02CD244B2}.Release|x64.Build.0 = Release|x64
		{7E3041D9-BF62-4956-AAEA-36A02CD244B2}.Release|x86.ActiveCfg = Release|Win32
		{7E3041D9-BF62-4956-AAEA-36A02CD244B2}.Release|x86.Build.0 = Release|Win32
		{8D0DB2EF-0D9B-4C3D-B360-A3815F307665}.Debug|x64.ActiveCfg = Debug|x64
		{8D0DB2EF-0D9B-4C3D-B360-A3815F307665}.Debug|x64.Build.0 = Debug|x64
		{8D0DB2EF-0D9B-4C3D-B360-A3815F307665}.Debug|x86.ActiveCfg = Debug|Win32
		{8D0DB2EF-0D9B-4C3D-B360-A3815F307665}.Debug|x86.Build.0 = Debug|Win32
		{8D0DB2EF-0D9B-4C3D-B360-A3815F307665}.Release|x64.ActiveCfg = Release|x64
		{8D0DB2EF-0D9B-4C3D-B360-A3815F307665}.Release|x64.Build.0 = Release|x64
		{8D0DB2EF-0D9B-4C3D-B360-A3815F307665}.Release|x86.ActiveCfg = Release|Win32
		{8D0DB2EF-0D9B-4C3D-B360-A3815F307665}.Release|x86.Build.0 = Release|Win32
		{0CA5234F-6C17-4FFE-958D-3E454BEAB8AD}.Debug|x64.ActiveCfg = Debug|x64
		{0CA5234F-6C17-4FFE-958D-3E454BEAB8AD}.Debug|x64.Build.0 = Debug|x64
		{0CA5234F-6C17-4FFE-958D-3E454BEAB8AD}.Debug|x86.ActiveCfg = Debug|Win32
		{0CA5234F-6C17-4FFE-958D-3E454BEAB8AD}.Debug|x86.Build.0 = Debug|Win32
		{0CA5234F-6C17-4FFE-958D-3E454BEAB8AD}.Release|x64.ActiveCfg = Release|x64
		{0CA5234F-6C17-4FFE-958D-3E454BEAB8AD}.Release|x64.Build.0 = Release|x64
		{0CA5234F-6C17-4FFE-958D-3E454BEAB8AD}.Release|x86.ActiveCfg = Release|Win32
		{0CA5234F-6C17-4FFE-958D-3E454BEAB8AD}.Release|x86.Build.0 = Release|Win32
		{D50C736B-E4C3-4F8A-9E7A-8C9641B66520}.Debug|x64.ActiveCfg = Debug|x64
		{D50C736B-E4C3-4F8A-9E7A-8C9641B66520}.Debug|x64.Build.0 = Debug|x64
		{D50C736B-E4C3-4F8A-9E7A-8C9641B66520}.Debug|x86.ActiveCfg = Debug|Win32
		{D50C736B-E4C3-4F8A-9E7A-8C9641B66520}.Debug|x86.Build.0 = Debug|Win32
		{D50C736B-E4C3-4F8A-9E7A-8C9641B66520}.Release|x64.ActiveCfg = Release|x64
		{D50C736B-E4C3-4F8A-9E7A-8C9641B66520}.Release|x64.Build.0 = Release|x64
		{D50C736B-E4C3-4F8A-9E7A-8C9641B66520}.Release|x86.ActiveCfg = Release|Win32
		{D50C736B-E4C3-4F8A-9E7A-8C9641B66520}.Release|x86.Build.0 = Release|Win32
		{634E3BEC-1F6B-4C96-8BC3-E9414F8A06C9}.Debug|x64.ActiveCfg = Debug|x64
		{634E3BEC-1F6B-4C96-8BC3-E9414F8A06C9}.Debug|x64.Build.0 = Debug|x64
		{634E3BEC-1F6B-4C96-8BC3-E9414F8A06C9}.Debug|x86.ActiveCfg = Debug|Win32
		{634E3BEC-1F6B-4C96-8BC3-E9414F8A06C9}.Debug|x86.Build.0 = Debug|Win32
		{634E3BEC-1F6B-4C96-8BC3-E9414F8A06C9}.Release|x64.ActiveCfg = Release|x64
		{634E3BEC-1F6B-4C96-8BC3-E9414F8A06C9}.Release|x64.Build.0 = Release|x64
		{634E3BEC-1F6B-4C96-8BC3-E9414F8A06C9}.Release|x86.ActiveCfg = Release|Win32
		{634E3BEC-1F6B-4C96-8BC3-E9414F8A06C9}.Release|x86.Build.0 = Release|Win32
		{0596DE5A-03DA-4229-9361-B5C24A55B393}.Debug|x64.ActiveCfg = Debug|x64
		{0596DE5A-03DA-4229-9361-B5C24A55B393}.Debug|x64.Build.0 = Debug|x64
		{0596DE5A-03DA-4229-9361-B5C24A55B393}.Debug|x86.ActiveCfg = Debug|Win32
		{0596DE5A-03DA-4229-9361-B5C24A55B393}.Debug|x86.Build.0 = Debug|Win32
		{0596DE5A-03DA-4229-9361-B5C24A55B393}.Release|x64.ActiveCfg = Release|x64
		{0596DE5A-03DA-4229-9361-B5C24A55B393}.Release|x64.Build.0 = Release|x64
		{0596DE5A-03DA-4229-9361-B5C24A55B393}.Release|x86.ActiveCfg = Release|Win32
		{0596DE5A-03DA-4229-9361-B5C24A55B393}.Release|x86.Build.0 = Release|Win32
		{4FBD428B-FC9C-49D2-B1B1-EDA6973740AB}.Debug|x64.ActiveCfg = Debug|x64
		{4FBD428B-FC9C-49D2-B1B1-EDA6973740AB}.Debug|x64.Build.0 = Debug|x64
		{4FBD428B-FC9C-49D2-B1B1-EDA6973740AB}.Debug|x86.ActiveCfg = Debug|Win32
		{4FBD428B-FC9C-49D2-B1B1-EDA6973740AB}.Debug|x86.Build.0 = Debug|Win32
		{4FBD428B-FC9C-49D2-B1B1-EDA6973740AB}.Release|x64.ActiveCfg = Release|x64
		{4FBD428B-FC9C-49D2-B1B1-EDA6973740AB}.Release|x64.Build.0 = Release|x64
		{4FBD428B-FC9C-49D2-B1B1-EDA6973740AB}.Release|x86.ActiveCfg = Release|Win32
		{4FBD428B-FC9C-49D2-B1B1-EDA6973740AB}.Release|x86.Build.0 = Release|Win32
		{BF765086-0438-4ADE-8D2D-6B6E7CB09663}.Debug|x64.ActiveCfg = Debug|x64
		{BF765086-0438-4ADE-8D2D-6B6E7CB09663}.Debug|x64.Build.0 = Debug|x64
		{BF765086-0438-4ADE-8D2D-6B6E7CB09663}.Debug|x86.ActiveCfg = Debug|Win32
		{BF765086-0438-4ADE-8D2D-6B6E7CB09663}.Debug|x86.Build.0 = Debug|Win32
		{BF765086-0438-4ADE-8D2D-6B6E7CB09663}.Release|x64.ActiveCfg = Release|x64
		{BF765086-0438-4ADE-8D2D-6B6E7CB09663}.Release|x64.Build.0 = Release|x64
		{BF765086-0438-4ADE-8D2D-6B6E7CB09663}.Release|x86.ActiveCfg = Release|Win32
		{BF765086-0438-4ADE-8D2D-6B6E7CB09663}.Release|x86.Build.0 = Release|Win32
		{D80D40F8-69D9-4477-A99D-39BCD357314C}.Debug|x64.ActiveCfg = Debug|x64
		{D80D40F8-69D9-4477-A99D-39BCD357314C}.Debug|x64.Build.0 = Debug|x64
		{D80D40F8-69D9-4477-A99D-39BCD357314C}.Debug|x86.ActiveCfg = Debug|Win32
		{D80D40F8-69D9-4477-A99D-39BCD357314C}.Debug|x86.Build.0 = Debug|Win32
		{D80D40F8-69D9-4477-A99D-39BCD357314C}.Release|x64.ActiveCfg = Release|x64
		{D80D40F8-69D9-4477-A99D-39BCD357314C}.Release|x64.Build.0 = Release|x64
		{D80D40F8-69D9-4477-A99D-39BCD357314C}.Release|x86.ActiveCfg = Release|Win32
		{D80D40F8-69D9-4477-A99D-39BCD357314C}.Release|x86.Build.0 = Release|Win32
		{46DD5B2B-D839-4926-819C-7D5B8524DBB5}.Debug|x64.ActiveCfg = Debug|x64
		{46DD5B2B-D839-4926-819C-7D5B8524DBB5}.Debug|x64.Build.0 = Debug|x64
		{46DD5B2B-D839-4926-819C-7D5B8524DBB5}.Debug|x86.ActiveCfg = Debug|Win32
		{46DD5B2B-D839-4926-819C-7D5B8524DBB5}.Debug|x86.Build.0 = Debug|Win32
		{46DD5B2B-D839-4926-819C-7D5B8524DBB5}.Release|x64.ActiveCfg = Release|x64
		{46DD5B2B-D839-4926-819C-7D5B8524DBB5}.Release|x64.Build.0 = Release|x64
		{46DD5B2B-D839-4926-819C-7D5B8524DBB5}.Release|x86.ActiveCfg = Release|Win32
		{46DD5B2B-D839-4926-819C-7D5B8524DBB5}.Release|x86.Build.0 = Release|Win32
		{BA5A6A73-AB50-40E4-AE0D-0FFAB91E4E9D}.Debug|x64.ActiveCfg = Debug|x64
		{BA5A6A73-AB50-40E4-AE0D-0FFAB91E4E9D}.Debug|x64.Build.0 = Debug|x64
		{BA5A6A73-AB50-40E4-AE0D-0FFAB91E4E9D}.Debug|x86.ActiveCfg = Debug|Win32
		{BA5A6A73-AB50-40E4-AE0D-0FFAB91E4E9D}.Debug|x86.Build.0 = Debug|Win32
		{BA5A6A73-AB50-40E4-AE0D-0FFAB91E4E9D}.Release|x64.ActiveCfg = Release|x64
		{BA5A6A73-AB50-40E4-AE0D-0FFAB91E4E9D}.Release|x64.Build.0 = Release|x64
		{BA5A6A73-AB50-40E4-AE0D-0FFAB91E4E9D}.Release|x86.ActiveCfg = Release|Win32
		{BA5A6A73-AB50-40E4-AE0D-0FFAB91E4E9D}.Release|x86.Build.0 = Release|Win32
		{0CA8FA1C-069C-413B-8ADB-D911F734F022}.Debug|x64.ActiveCfg = Debug|x64
		{0CA8FA1C-069C-413B-8ADB-D911F734F022}.Debug|x64.Build.0 = Debug|x64
		{0CA8FA1C-069C-413B-8ADB-D911F734F022}.Debug|x86.ActiveCfg = Debug|Win32
		{0CA8FA1C-069C-413B-8ADB-D911F734F022}.Debug|x86.Build.0 = Debug|Win32
		{0CA8FA1C-069C-413B-8ADB-D911F734F022}.Release|x64.ActiveCfg = Release|x64
		{0CA8FA1C-069C-413B-8ADB-D911F734F022}.Release|x64.Build.0 = Release|x64
		{0CA8FA1C-069C-413B-8ADB-D911F734F022}.Release|x86.ActiveCfg = Release|Win32
		{0CA8FA1C-069C-413B-8ADB-D911F734F022}.Release|x86.Build.0 = Release|Win32
		{B53153E2-569D-4898-B021-93D7A660CF44}.Debug|x64.ActiveCfg = Debug|x64
		{B53153E2-569D-4898-B021-93D7A660CF44}.Debug|x64.Build.0 = Debug|x64
		{B53153E2-569D-4898-B021-93D7A660CF44}.Debug|x86.ActiveCfg = Debug|Win32
		{B53153E2-569D-4898-B021-93D7A660CF44}.Debug|x86.Build.0 = Debug|Win32
		{B53153E2-569D-4898-B021-93D7A660CF44}.Release|x64.ActiveCfg = Release|x64
		{B53153E2-569D-4898-B021-93D7A660CF44}.Release|x64.Build.0 = Release|x64
		{B53153E2-569D-4898-B021-93D7A660CF44}.Release|x86.ActiveCfg = Release|Win32
		{B53153E2-569D-4898-B021-93D7A660CF44}.Release|x86.Build.0 = Release|Win32
		{129D4A91-8237-4142-AD04-CC04CA35EE6D}.Debug|x64.ActiveCfg = Debug|x64
		{129D4A91-8237-4142-AD04-CC04CA35EE6D}.Debug|x64.Build.0 = Debug|x64
		{129D4A91-8237-4142-AD04-CC04CA35EE6D}.Debug|x86.ActiveCfg = Debug|Win32
		{129D4A91-8237-4142-AD04-CC04CA35EE6D}.Debug|x86.Build.0 = Debug|Win32
		{129D4A91-8237-4142-AD04-CC04CA35EE6D}.Release|x64.ActiveCfg = Release|x64
		{129D4A91-8237-4142-AD04-CC04CA35EE6D}.Release|x64.Build.0 = Release|x64
		{129D4A91-8237-4142-AD04-CC04CA35EE6D}.Release|x86.ActiveCfg = Release|Win32
		{129D4A91-8237-4142-AD04-CC04CA35EE6D}.Release|x86.Build.0 = Release|Win32
		{29CFC68B-5E01-470C-8C19-6D9A9A40E743}.Debug|x64.ActiveCfg = Debug|x64
		{29CFC68B-5E01-470C-8C19-6D9A9A40E743}.Debug|x64.Build.0 = Debug|x64
		{29CFC68B-5E01-470C-8C19-6D9A9A40E743}.Debug|x86.ActiveCfg = Debug|Win32
		{29CFC68B-5E01-470C-8C19-6D9A9A40E743}.Debug|x86.Build.0 = Debug|Win32
		{29CFC68B-5E01-470C-8C19-6D9A9A40E743}.Release|x64.ActiveCfg = Release|x64
		{29CFC68B-5E01-470C-8C19-6D9A9A40E743}.Release|x64.Build.0 = Release|x64
		{29CFC68B-5E01-470C-8C19-6D9A9A40E743}.Release|x86.ActiveCfg = Release|Win32
		{29CFC68B-5E01-470C-8C19-6D9A9A40E743}.Release|x86.Build.0 = Release|Win32
		{FAB2F2E9-29C9-423A-B3B6-619E0BA65D64}.Debug|x64.ActiveCfg = Debug|x64
		{FAB2F2E9-29C9-423A-B3B6-619E0BA65D64}.Debug|x64.Build.0 = Debug|x64
		{FAB2F2E9-29C9-423A-B3B6-619E0BA65D64}.Debug|x86.ActiveCfg = Debug|Win32
		{FAB2F2E9-29C9-423A-B3B6-619E0BA65D64}.Debug|x86.Build.0 = Debug|Win32
		{FAB2F2E9-29C9-423A-B3B6-619E0BA65D64}.Release|x64.ActiveCfg = Release|x64
		{FAB2F2E9-29C9-423A-B3B6-619E0BA65D64}.Release|x64.Build.0 = Release|x64
		{FAB2F2E9-29C9-423A-B3B6-619E0BA65D64}.Release|x86.ActiveCfg = Release|Win32
		{FAB2F2E9-29C9-423A-B3B6-619E0BA65D64}.Release|x86.Build.0 = Release|Win32
		{19542910-F19F-4258-BBD4-09791DCCABAE}.Debug|x64.ActiveCfg = Debug|x64
		{19542910-F19F-4258-BBD4-09791DCCABAE}.Debug|x64.Build.0 = Debug|x64
		{19542910-F19F-4258-BBD4-09791DCCABAE}.Debug|x86.ActiveCfg = Debug|Win32
		{19542910-F19F-4258-BBD4-09791DCCABAE}.Debug|x86.Build.0 = Debug|Win32
		{19542910-F19F-4258-BBD4-09791DCCABAE}.Release|x64.ActiveCfg = Release|x64
		{19542910-F19F-4258-BBD4-09791DCCABAE}.Release|x64.Build.0 = Release|x64
		{19542910-F19F-4258-BBD4-09791DCCABAE}.Release|x86.ActiveCfg = Release|Win32
		{19542910-F19F-4258-BBD4-09791DCCABAE}.Release|x86.Build.0 = Release|Win32
		{7895BB6B-5088-4708-B062-0F3552E48DAB}.Debug|x64.ActiveCfg = Debug|x64
		{7895BB6B-5088-4708-B062-0F3552E48DAB}.Debug|x64.Build.0 = Debug|x64
		{7895BB6B-5088-4708-B062-0F3552E48DAB}.Debug|x86.ActiveCfg = Debug|Win32
		{7895BB6B-5088-4708-B062-0F3552E48DAB}.Debug|x86.Build.0 = Debug|Win32
		{7895BB6B-5088-4708-B062-0F3552E48DAB}.Release|x64.ActiveCfg = Release|x64
		{7895BB6B-5088-4708-B062-0F3552E48DAB}.Release|x64.Build.0 = Release|x64
		{7895BB6B-5088-4708-B062-0F3552E48DAB}.Release|x86.ActiveCfg = Release|Win32
		{7895BB6B-5088-4708-B062-0F3552E48DAB}.Release|x86.Build.0 = Release|Win32
		{3EB8CF79-A14E-47BC-A80B-3E6D39C3BC15}.Debug|x64.ActiveCfg = Debug|x64
		{3EB8CF79-A14E-47BC-A80B-3E6D39C3BC15}.Debug|x64.Build.0 = Debug|x64
		{3EB8CF79-A14E-47BC-A80B-3E6D39C3BC15}.Debug|x86.ActiveCfg = Debug|Win32
		{3EB8CF79-A14E-47BC-A80B-3E6D39C3BC15}.Debug|x86.Build.0 = Debug|Win32
		{3EB8CF79-A14E-47BC-A80B-3E6D39C3BC15}.Release|x64.ActiveCfg = Release|x64
		{3EB8CF79-A14E-47BC-A80B-3E6D39C3BC15}.Release|x64.Build.0 = Release|x64
		{3EB8CF79-A14E-47BC-A80B-3E6D39C3BC15}.Release|x86.ActiveCfg = Release|Win32
		{3EB8CF79-A14E-47BC-A80B-3E6D39C3BC15}.Release|x86.Build.0 = Release|Win32
		{3654BAFD-7C7B-4C92-B3DC-356BB6CD026B}.Debug|x64.ActiveCfg = Debug|x64
		{3654BAFD-7C7B-4C92-B3DC-356BB6CD026B}.Debug|x64.Build.0 = Debug|x64
		{3654BAFD-7C7B-4C92-B3DC-356BB6CD026B}.Debug|x86.ActiveCfg = Debug|Win32
		{3654BAFD-7C7B-4C92-B3DC-356BB6CD026B}.Debug|x86.Build.0 = Debug|Win32
		{3654BAFD-7C7B-4C92-B3DC-356BB6CD026B}.Release|x64.ActiveCfg = Release|x64
		{3654BAFD-7C7B-4C92-B3DC-356BB6CD026B}.Release|x64.Build.0 = Release|x64
		{3654BAFD-7C7B-4C92-B3DC-356BB6CD026B}.Release|x86.ActiveCfg = Release|Win32
		{3654BAFD-7C7B-4C92-B3DC-356BB6CD026B}.Release|x86.Build.0 = Release|Win32
		{DD75955E-72FE-48F0-9ABC-D0D8D4DA14E3}.Debug|x64.ActiveCfg = Debug|x64
		{DD75955E-72FE-48F0-9ABC-D0D8D4DA14E3}.Debug|x64.Build.0 = Debug|x64
		{DD75955E-72FE-48F0-9ABC-D0D8D4DA14E3}.Debug|x86.ActiveCfg = Debug|Win32
		{DD75955E-72FE-48F0-9ABC-D0D8D4DA14E3}.Debug|x86.Build.0 = Debug|Win32
		{DD75955E-72FE-48F0-9ABC-D0D8D4DA14E3}.Release|x64.ActiveCfg = Release|x64
		{DD75955E-72FE-48F0-9ABC-D0D8D4DA14E3}.Release|x64.Build.0 = Release|x64
		{DD75955E-72FE-48F0-9ABC-D0D8D4DA14E3}.Release|x86.ActiveCfg = Release|Win32
		{DD75955E-72FE-48F0-9ABC-D0D8D4DA14E3}.Release|x86.Build.0 = Release|Win32
	EndGlobalSection
	GlobalSection(SolutionProperties) = preSolution
		HideSolutionNode = FALSE
	EndGlobalSection
	GlobalSection(ExtensibilityGlobals) = postSolution
		SolutionGuid = {DF68F315-F080-4408-A296-42026805ECFF}
	EndGlobalSection
EndGlobal
