
Microsoft Visual Studio Solution File, Format Version 12.00
# Visual Studio 2013
VisualStudioVersion = 12.0.40629.0
MinimumVisualStudioVersion = 10.0.40219.1
Project("{8BC9CEB8-8B4A-11D0-8D11-00A0C91BC942}") = "001_Two Sum", "001_Two Sum\001_Two Sum.vcxproj", "{38F44A39-D4E5-4F9D-A839-E6E341702FF8}"
EndProject
Project("{8BC9CEB8-8B4A-11D0-8D11-00A0C91BC942}") = "002_Add Two Numbers", "002_Add Two Numbers\002_Add Two Numbers.vcxproj", "{49BCDB0E-700B-4A00-80EE-C8ED3B86A7A4}"
EndProject
Project("{8BC9CEB8-8B4A-11D0-8D11-00A0C91BC942}") = "003_Longest Substring Without Repeating Characters", "003_Longest Substring Without Repeating Characters\003_Longest Substring Without Repeating Characters.vcxproj", "{0804B230-1818-4F6F-95A2-163AE8D9E0CC}"
EndProject
Project("{8BC9CEB8-8B4A-11D0-8D11-00A0C91BC942}") = "004_Median of Two Sorted Arrays", "004_Median of Two Sorted Arrays\004_Median of Two Sorted Arrays.vcxproj", "{53E14CBA-8DFF-4A78-870A-9022867DC751}"
EndProject
Project("{8BC9CEB8-8B4A-11D0-8D11-00A0C91BC942}") = "005_Longest Palindromic Substring", "005_Longest Palindromic Substring\005_Longest Palindromic Substring.vcxproj", "{4BCF78B3-F150-4612-A7A9-E2A9B67A0DA6}"
EndProject
Project("{8BC9CEB8-8B4A-11D0-8D11-00A0C91BC942}") = "006_ZigZag Conversion", "006_ZigZag Conversion\006_ZigZag Conversion.vcxproj", "{508A2C80-01D3-47AC-8DFD-057D30CA3D61}"
EndProject
Project("{8BC9CEB8-8B4A-11D0-8D11-00A0C91BC942}") = "007_Reverse Integer", "007_Reverse Integer\007_Reverse Integer.vcxproj", "{98C74FF7-AC62-4DCC-B5C6-652FC4E534B1}"
EndProject
Project("{8BC9CEB8-8B4A-11D0-8D11-00A0C91BC942}") = "008_String to Integer (atoi)", "008_String to Integer (atoi)\008_String to Integer (atoi).vcxproj", "{DB56D0E5-2E0A-4BD0-A088-A4B9F652A05E}"
EndProject
Project("{8BC9CEB8-8B4A-11D0-8D11-00A0C91BC942}") = "009_Palindrome Number", "009_Palindrome Number\009_Palindrome Number.vcxproj", "{57E3CE2C-0153-4691-BFC5-A9940EEEFE48}"
EndProject
Project("{8BC9CEB8-8B4A-11D0-8D11-00A0C91BC942}") = "010_Regular Expression Matching", "010_Regular Expression Matching\010_Regular Expression Matching.vcxproj", "{C9B91623-B9C6-4B0F-B681-B8DB15307C51}"
EndProject
Project("{8BC9CEB8-8B4A-11D0-8D11-00A0C91BC942}") = "011_Container With Most Water", "011_Container With Most Water\011_Container With Most Water.vcxproj", "{1211A641-C618-4F34-BAF7-AAC395867E9F}"
EndProject
Project("{8BC9CEB8-8B4A-11D0-8D11-00A0C91BC942}") = "012_Integer to Roman", "012_Integer to Roman\012_Integer to Roman.vcxproj", "{24D0A203-63D1-46D1-825C-7A3BD135D893}"
EndProject
Project("{8BC9CEB8-8B4A-11D0-8D11-00A0C91BC942}") = "013_Roman to Integer", "013_Roman to Integer\013_Roman to Integer.vcxproj", "{A80281A1-233A-42AF-8045-8A6D6DA3EB05}"
EndProject
Global
	GlobalSection(SolutionConfigurationPlatforms) = preSolution
		Debug|Win32 = Debug|Win32
		Release|Win32 = Release|Win32
	EndGlobalSection
	GlobalSection(ProjectConfigurationPlatforms) = postSolution
		{38F44A39-D4E5-4F9D-A839-E6E341702FF8}.Debug|Win32.ActiveCfg = Debug|Win32
		{38F44A39-D4E5-4F9D-A839-E6E341702FF8}.Debug|Win32.Build.0 = Debug|Win32
		{38F44A39-D4E5-4F9D-A839-E6E341702FF8}.Release|Win32.ActiveCfg = Release|Win32
		{38F44A39-D4E5-4F9D-A839-E6E341702FF8}.Release|Win32.Build.0 = Release|Win32
		{49BCDB0E-700B-4A00-80EE-C8ED3B86A7A4}.Debug|Win32.ActiveCfg = Debug|Win32
		{49BCDB0E-700B-4A00-80EE-C8ED3B86A7A4}.Debug|Win32.Build.0 = Debug|Win32
		{49BCDB0E-700B-4A00-80EE-C8ED3B86A7A4}.Release|Win32.ActiveCfg = Release|Win32
		{49BCDB0E-700B-4A00-80EE-C8ED3B86A7A4}.Release|Win32.Build.0 = Release|Win32
		{0804B230-1818-4F6F-95A2-163AE8D9E0CC}.Debug|Win32.ActiveCfg = Debug|Win32
		{0804B230-1818-4F6F-95A2-163AE8D9E0CC}.Debug|Win32.Build.0 = Debug|Win32
		{0804B230-1818-4F6F-95A2-163AE8D9E0CC}.Release|Win32.ActiveCfg = Release|Win32
		{0804B230-1818-4F6F-95A2-163AE8D9E0CC}.Release|Win32.Build.0 = Release|Win32
		{53E14CBA-8DFF-4A78-870A-9022867DC751}.Debug|Win32.ActiveCfg = Debug|Win32
		{53E14CBA-8DFF-4A78-870A-9022867DC751}.Debug|Win32.Build.0 = Debug|Win32
		{53E14CBA-8DFF-4A78-870A-9022867DC751}.Release|Win32.ActiveCfg = Release|Win32
		{53E14CBA-8DFF-4A78-870A-9022867DC751}.Release|Win32.Build.0 = Release|Win32
		{4BCF78B3-F150-4612-A7A9-E2A9B67A0DA6}.Debug|Win32.ActiveCfg = Debug|Win32
		{4BCF78B3-F150-4612-A7A9-E2A9B67A0DA6}.Debug|Win32.Build.0 = Debug|Win32
		{4BCF78B3-F150-4612-A7A9-E2A9B67A0DA6}.Release|Win32.ActiveCfg = Release|Win32
		{4BCF78B3-F150-4612-A7A9-E2A9B67A0DA6}.Release|Win32.Build.0 = Release|Win32
		{508A2C80-01D3-47AC-8DFD-057D30CA3D61}.Debug|Win32.ActiveCfg = Debug|Win32
		{508A2C80-01D3-47AC-8DFD-057D30CA3D61}.Debug|Win32.Build.0 = Debug|Win32
		{508A2C80-01D3-47AC-8DFD-057D30CA3D61}.Release|Win32.ActiveCfg = Release|Win32
		{508A2C80-01D3-47AC-8DFD-057D30CA3D61}.Release|Win32.Build.0 = Release|Win32
		{98C74FF7-AC62-4DCC-B5C6-652FC4E534B1}.Debug|Win32.ActiveCfg = Debug|Win32
		{98C74FF7-AC62-4DCC-B5C6-652FC4E534B1}.Debug|Win32.Build.0 = Debug|Win32
		{98C74FF7-AC62-4DCC-B5C6-652FC4E534B1}.Release|Win32.ActiveCfg = Release|Win32
		{98C74FF7-AC62-4DCC-B5C6-652FC4E534B1}.Release|Win32.Build.0 = Release|Win32
		{DB56D0E5-2E0A-4BD0-A088-A4B9F652A05E}.Debug|Win32.ActiveCfg = Debug|Win32
		{DB56D0E5-2E0A-4BD0-A088-A4B9F652A05E}.Debug|Win32.Build.0 = Debug|Win32
		{DB56D0E5-2E0A-4BD0-A088-A4B9F652A05E}.Release|Win32.ActiveCfg = Release|Win32
		{DB56D0E5-2E0A-4BD0-A088-A4B9F652A05E}.Release|Win32.Build.0 = Release|Win32
		{57E3CE2C-0153-4691-BFC5-A9940EEEFE48}.Debug|Win32.ActiveCfg = Debug|Win32
		{57E3CE2C-0153-4691-BFC5-A9940EEEFE48}.Debug|Win32.Build.0 = Debug|Win32
		{57E3CE2C-0153-4691-BFC5-A9940EEEFE48}.Release|Win32.ActiveCfg = Release|Win32
		{57E3CE2C-0153-4691-BFC5-A9940EEEFE48}.Release|Win32.Build.0 = Release|Win32
		{C9B91623-B9C6-4B0F-B681-B8DB15307C51}.Debug|Win32.ActiveCfg = Debug|Win32
		{C9B91623-B9C6-4B0F-B681-B8DB15307C51}.Debug|Win32.Build.0 = Debug|Win32
		{C9B91623-B9C6-4B0F-B681-B8DB15307C51}.Release|Win32.ActiveCfg = Release|Win32
		{C9B91623-B9C6-4B0F-B681-B8DB15307C51}.Release|Win32.Build.0 = Release|Win32
		{1211A641-C618-4F34-BAF7-AAC395867E9F}.Debug|Win32.ActiveCfg = Debug|Win32
		{1211A641-C618-4F34-BAF7-AAC395867E9F}.Debug|Win32.Build.0 = Debug|Win32
		{1211A641-C618-4F34-BAF7-AAC395867E9F}.Release|Win32.ActiveCfg = Release|Win32
		{1211A641-C618-4F34-BAF7-AAC395867E9F}.Release|Win32.Build.0 = Release|Win32
		{24D0A203-63D1-46D1-825C-7A3BD135D893}.Debug|Win32.ActiveCfg = Debug|Win32
		{24D0A203-63D1-46D1-825C-7A3BD135D893}.Debug|Win32.Build.0 = Debug|Win32
		{24D0A203-63D1-46D1-825C-7A3BD135D893}.Release|Win32.ActiveCfg = Release|Win32
		{24D0A203-63D1-46D1-825C-7A3BD135D893}.Release|Win32.Build.0 = Release|Win32
		{A80281A1-233A-42AF-8045-8A6D6DA3EB05}.Debug|Win32.ActiveCfg = Debug|Win32
		{A80281A1-233A-42AF-8045-8A6D6DA3EB05}.Debug|Win32.Build.0 = Debug|Win32
		{A80281A1-233A-42AF-8045-8A6D6DA3EB05}.Release|Win32.ActiveCfg = Release|Win32
		{A80281A1-233A-42AF-8045-8A6D6DA3EB05}.Release|Win32.Build.0 = Release|Win32
	EndGlobalSection
	GlobalSection(SolutionProperties) = preSolution
		HideSolutionNode = FALSE
	EndGlobalSection
EndGlobal
